
Microsoft Visual Studio Solution File, Format Version 12.00
# Visual Studio Version 17
VisualStudioVersion = 17.0.31903.59
MinimumVisualStudioVersion = 10.0.40219.1
Project("{2150E333-8FDC-42A3-9474-1A3956D46DE8}") = "src", "src", "{27C1785C-ADA2-4746-A336-96C8F31465FC}"
EndProject
Project("{FAE04EC0-301F-11D3-BF4B-00C04F79EFBC}") = "Curfew.Core", "src\Curfew.Core\Curfew.Core.csproj", "{B31F9DD0-AA76-4301-AEF3-BA5F1BB9E334}"
EndProject
Project("{FAE04EC0-301F-11D3-BF4B-00C04F79EFBC}") = "Curfew.Service", "src\Curfew.Service\Curfew.Service.csproj", "{8A7A2C9F-BB5E-48A4-8A3A-DCD416FB37C1}"
EndProject
Project("{2150E333-8FDC-42A3-9474-1A3956D46DE8}") = "tests", "tests", "{B0E76649-1B24-4FCA-8674-F0DD4D276BF4}"
EndProject
Project("{FAE04EC0-301F-11D3-BF4B-00C04F79EFBC}") = "Curfew.Core.Tests", "tests\Curfew.Core.Tests\Curfew.Core.Tests.csproj", "{B81B6619-1DA2-4CA6-B3A7-2241F642DE19}"
EndProject
Global
	GlobalSection(SolutionConfigurationPlatforms) = preSolution
		Debug|Any CPU = Debug|Any CPU
		Release|Any CPU = Release|Any CPU
	EndGlobalSection
	GlobalSection(SolutionProperties) = preSolution
		HideSolutionNode = FALSE
	EndGlobalSection
	GlobalSection(ProjectConfigurationPlatforms) = postSolution
		{B31F9DD0-AA76-4301-AEF3-BA5F1BB9E334}.Debug|Any CPU.ActiveCfg = Debug|Any CPU
		{B31F9DD0-AA76-4301-AEF3-BA5F1BB9E334}.Debug|Any CPU.Build.0 = Debug|Any CPU
		{B31F9DD0-AA76-4301-AEF3-BA5F1BB9E334}.Release|Any CPU.ActiveCfg = Release|Any CPU
		{B31F9DD0-AA76-4301-AEF3-BA5F1BB9E334}.Release|Any CPU.Build.0 = Release|Any CPU
		{8A7A2C9F-BB5E-48A4-8A3A-DCD416FB37C1}.Debug|Any CPU.ActiveCfg = Debug|Any CPU
		{8A7A2C9F-BB5E-48A4-8A3A-DCD416FB37C1}.Debug|Any CPU.Build.0 = Debug|Any CPU
		{8A7A2C9F-BB5E-48A4-8A3A-DCD416FB37C1}.Release|Any CPU.ActiveCfg = Release|Any CPU
		{8A7A2C9F-BB5E-48A4-8A3A-DCD416FB37C1}.Release|Any CPU.Build.0 = Release|Any CPU
		{B81B6619-1DA2-4CA6-B3A7-2241F642DE19}.Debug|Any CPU.ActiveCfg = Debug|Any CPU
		{B81B6619-1DA2-4CA6-B3A7-2241F642DE19}.Debug|Any CPU.Build.0 = Debug|Any CPU
		{B81B6619-1DA2-4CA6-B3A7-2241F642DE19}.Release|Any CPU.ActiveCfg = Release|Any CPU
		{B81B6619-1DA2-4CA6-B3A7-2241F642DE19}.Release|Any CPU.Build.0 = Release|Any CPU
	EndGlobalSection
	GlobalSection(NestedProjects) = preSolution
		{B31F9DD0-AA76-4301-AEF3-BA5F1BB9E334} = {27C1785C-ADA2-4746-A336-96C8F31465FC}
		{8A7A2C9F-BB5E-48A4-8A3A-DCD416FB37C1} = {27C1785C-ADA2-4746-A336-96C8F31465FC}
		{B81B6619-1DA2-4CA6-B3A7-2241F642DE19} = {B0E76649-1B24-4FCA-8674-F0DD4D276BF4}
	EndGlobalSection
EndGlobal
